
Microsoft Visual Studio Solution File, Format Version 12.00
# Visual Studio 15
VisualStudioVersion = 15.0.28307.572
MinimumVisualStudioVersion = 10.0.40219.1
Project("{FAE04EC0-301F-11D3-BF4B-00C04F79EFBC}") = "timetimer pc", "timetimer pc\timetimer pc.csproj", "{98B9AA5E-7A8B-4235-BFCE-7D0B5CB38257}"
EndProject
Global
	GlobalSection(SolutionConfigurationPlatforms) = preSolution
		Debug|Any CPU = Debug|Any CPU
		Release|Any CPU = Release|Any CPU
	EndGlobalSection
	GlobalSection(ProjectConfigurationPlatforms) = postSolution
		{98B9AA5E-7A8B-4235-BFCE-7D0B5CB38257}.Debug|Any CPU.ActiveCfg = Debug|Any CPU
		{98B9AA5E-7A8B-4235-BFCE-7D0B5CB38257}.Debug|Any CPU.Build.0 = Debug|Any CPU
		{98B9AA5E-7A8B-4235-BFCE-7D0B5CB38257}.Release|Any CPU.ActiveCfg = Release|Any CPU
		{98B9AA5E-7A8B-4235-BFCE-7D0B5CB38257}.Release|Any CPU.Build.0 = Release|Any CPU
	EndGlobalSection
	GlobalSection(SolutionProperties) = preSolution
		HideSolutionNode = FALSE
	EndGlobalSection
	GlobalSection(ExtensibilityGlobals) = postSolution
		SolutionGuid = {1A4F6F7A-CB7E-43F0-B9FC-5C180C172C52}
	EndGlobalSection
EndGlobal
